
Microsoft Visual Studio Solution File, Format Version 12.00
# Visual Studio Version 17
VisualStudioVersion = 17.14.36221.1 d17.14
MinimumVisualStudioVersion = 10.0.40219.1
Project("{FAE04EC0-301F-11D3-BF4B-00C04F79EFBC}") = "PokedexApp", "PokedexApp\PokedexApp.csproj", "{C588EC2C-B30E-4C9B-AD23-28CE136536AA}"
EndProject
Global
	GlobalSection(SolutionConfigurationPlatforms) = preSolution
		Debug|Any CPU = Debug|Any CPU
		Release|Any CPU = Release|Any CPU
	EndGlobalSection
	GlobalSection(ProjectConfigurationPlatforms) = postSolution
		{C588EC2C-B30E-4C9B-AD23-28CE136536AA}.Debug|Any CPU.ActiveCfg = Debug|Any CPU
		{C588EC2C-B30E-4C9B-AD23-28CE136536AA}.Debug|Any CPU.Build.0 = Debug|Any CPU
		{C588EC2C-B30E-4C9B-AD23-28CE136536AA}.Release|Any CPU.ActiveCfg = Release|Any CPU
		{C588EC2C-B30E-4C9B-AD23-28CE136536AA}.Release|Any CPU.Build.0 = Release|Any CPU
	EndGlobalSection
	GlobalSection(SolutionProperties) = preSolution
		HideSolutionNode = FALSE
	EndGlobalSection
	GlobalSection(ExtensibilityGlobals) = postSolution
		SolutionGuid = {ACD5F51A-BC0F-4601-8EB0-C16FAF999F7B}
	EndGlobalSection
EndGlobal
